
Microsoft Visual Studio Solution File, Format Version 12.00
# Visual Studio Version 16
VisualStudioVersion = 16.0.31624.102
MinimumVisualStudioVersion = 10.0.40219.1
Project("{9A19103F-16F7-4668-BE54-9A1E7A4F7556}") = "InvokeBenchmark", "InvokeBenchmark\InvokeBenchmark.csproj", "{65937283-DFB1-490E-BCF7-74F68DB0975B}"
EndProject
Project("{8BC9CEB8-8B4A-11D0-8D11-00A0C91BC942}") = "FooLibrary", "FooLibrary\FooLibrary.vcxproj", "{1E631A41-6028-403F-94B3-E9FEF6C5147C}"
EndProject
Project("{9A19103F-16F7-4668-BE54-9A1E7A4F7556}") = "Invoke.Benchmark", "Invoke.Benchmark\Invoke.Benchmark.csproj", "{70C7BC95-9A63-4CC7-B363-D00ABC01A246}"
EndProject
Global
	GlobalSection(SolutionConfigurationPlatforms) = preSolution
		Debug|Any CPU = Debug|Any CPU
		Debug|x64 = Debug|x64
		Debug|x86 = Debug|x86
		Release|Any CPU = Release|Any CPU
		Release|x64 = Release|x64
		Release|x86 = Release|x86
	EndGlobalSection
	GlobalSection(ProjectConfigurationPlatforms) = postSolution
		{65937283-DFB1-490E-BCF7-74F68DB0975B}.Debug|Any CPU.ActiveCfg = Debug|Any CPU
		{65937283-DFB1-490E-BCF7-74F68DB0975B}.Debug|Any CPU.Build.0 = Debug|Any CPU
		{65937283-DFB1-490E-BCF7-74F68DB0975B}.Debug|x64.ActiveCfg = Debug|Any CPU
		{65937283-DFB1-490E-BCF7-74F68DB0975B}.Debug|x64.Build.0 = Debug|Any CPU
		{65937283-DFB1-490E-BCF7-74F68DB0975B}.Debug|x86.ActiveCfg = Debug|Any CPU
		{65937283-DFB1-490E-BCF7-74F68DB0975B}.Debug|x86.Build.0 = Debug|Any CPU
		{65937283-DFB1-490E-BCF7-74F68DB0975B}.Release|Any CPU.ActiveCfg = Release|Any CPU
		{65937283-DFB1-490E-BCF7-74F68DB0975B}.Release|Any CPU.Build.0 = Release|Any CPU
		{65937283-DFB1-490E-BCF7-74F68DB0975B}.Release|x64.ActiveCfg = Release|Any CPU
		{65937283-DFB1-490E-BCF7-74F68DB0975B}.Release|x64.Build.0 = Release|Any CPU
		{65937283-DFB1-490E-BCF7-74F68DB0975B}.Release|x86.ActiveCfg = Release|Any CPU
		{65937283-DFB1-490E-BCF7-74F68DB0975B}.Release|x86.Build.0 = Release|Any CPU
		{1E631A41-6028-403F-94B3-E9FEF6C5147C}.Debug|Any CPU.ActiveCfg = Debug|Win32
		{1E631A41-6028-403F-94B3-E9FEF6C5147C}.Debug|x64.ActiveCfg = Debug|x64
		{1E631A41-6028-403F-94B3-E9FEF6C5147C}.Debug|x64.Build.0 = Debug|x64
		{1E631A41-6028-403F-94B3-E9FEF6C5147C}.Debug|x86.ActiveCfg = Debug|Win32
		{1E631A41-6028-403F-94B3-E9FEF6C5147C}.Debug|x86.Build.0 = Debug|Win32
		{1E631A41-6028-403F-94B3-E9FEF6C5147C}.Release|Any CPU.ActiveCfg = Release|x64
		{1E631A41-6028-403F-94B3-E9FEF6C5147C}.Release|Any CPU.Build.0 = Release|x64
		{1E631A41-6028-403F-94B3-E9FEF6C5147C}.Release|x64.ActiveCfg = Release|x64
		{1E631A41-6028-403F-94B3-E9FEF6C5147C}.Release|x64.Build.0 = Release|x64
		{1E631A41-6028-403F-94B3-E9FEF6C5147C}.Release|x86.ActiveCfg = Release|Win32
		{1E631A41-6028-403F-94B3-E9FEF6C5147C}.Release|x86.Build.0 = Release|Win32
		{70C7BC95-9A63-4CC7-B363-D00ABC01A246}.Debug|Any CPU.ActiveCfg = Debug|Any CPU
		{70C7BC95-9A63-4CC7-B363-D00ABC01A246}.Debug|Any CPU.Build.0 = Debug|Any CPU
		{70C7BC95-9A63-4CC7-B363-D00ABC01A246}.Debug|x64.ActiveCfg = Debug|Any CPU
		{70C7BC95-9A63-4CC7-B363-D00ABC01A246}.Debug|x64.Build.0 = Debug|Any CPU
		{70C7BC95-9A63-4CC7-B363-D00ABC01A246}.Debug|x86.ActiveCfg = Debug|Any CPU
		{70C7BC95-9A63-4CC7-B363-D00ABC01A246}.Debug|x86.Build.0 = Debug|Any CPU
		{70C7BC95-9A63-4CC7-B363-D00ABC01A246}.Release|Any CPU.ActiveCfg = Release|Any CPU
		{70C7BC95-9A63-4CC7-B363-D00ABC01A246}.Release|Any CPU.Build.0 = Release|Any CPU
		{70C7BC95-9A63-4CC7-B363-D00ABC01A246}.Release|x64.ActiveCfg = Release|Any CPU
		{70C7BC95-9A63-4CC7-B363-D00ABC01A246}.Release|x64.Build.0 = Release|Any CPU
		{70C7BC95-9A63-4CC7-B363-D00ABC01A246}.Release|x86.ActiveCfg = Release|Any CPU
		{70C7BC95-9A63-4CC7-B363-D00ABC01A246}.Release|x86.Build.0 = Release|Any CPU
	EndGlobalSection
	GlobalSection(SolutionProperties) = preSolution
		HideSolutionNode = FALSE
	EndGlobalSection
	GlobalSection(ExtensibilityGlobals) = postSolution
		SolutionGuid = {543D1FD9-B496-4204-A6D4-2BFD6DB60A7B}
	EndGlobalSection
EndGlobal
